
Microsoft Visual Studio Solution File, Format Version 12.00
# Visual Studio Version 17
VisualStudioVersion = 17.7.34024.191
MinimumVisualStudioVersion = 10.0.40219.1
Project("{9A19103F-16F7-4668-BE54-9A1E7A4F7556}") = "TasksAPI", "TasksAPI\TasksAPI.csproj", "{8D46EFF4-DF59-4EC8-B77C-2BAD59BEBEF1}"
EndProject
Project("{FAE04EC0-301F-11D3-BF4B-00C04F79EFBC}") = "TMSTest", "TMSTest\TMSTest.csproj", "{33DA2111-F208-463B-8584-846363C4EF52}"
EndProject
Global
	GlobalSection(SolutionConfigurationPlatforms) = preSolution
		Debug|Any CPU = Debug|Any CPU
		Release|Any CPU = Release|Any CPU
	EndGlobalSection
	GlobalSection(ProjectConfigurationPlatforms) = postSolution
		{8D46EFF4-DF59-4EC8-B77C-2BAD59BEBEF1}.Debug|Any CPU.ActiveCfg = Debug|Any CPU
		{8D46EFF4-DF59-4EC8-B77C-2BAD59BEBEF1}.Debug|Any CPU.Build.0 = Debug|Any CPU
		{8D46EFF4-DF59-4EC8-B77C-2BAD59BEBEF1}.Release|Any CPU.ActiveCfg = Release|Any CPU
		{8D46EFF4-DF59-4EC8-B77C-2BAD59BEBEF1}.Release|Any CPU.Build.0 = Release|Any CPU
		{33DA2111-F208-463B-8584-846363C4EF52}.Debug|Any CPU.ActiveCfg = Debug|Any CPU
		{33DA2111-F208-463B-8584-846363C4EF52}.Debug|Any CPU.Build.0 = Debug|Any CPU
		{33DA2111-F208-463B-8584-846363C4EF52}.Release|Any CPU.ActiveCfg = Release|Any CPU
		{33DA2111-F208-463B-8584-846363C4EF52}.Release|Any CPU.Build.0 = Release|Any CPU
	EndGlobalSection
	GlobalSection(SolutionProperties) = preSolution
		HideSolutionNode = FALSE
	EndGlobalSection
	GlobalSection(ExtensibilityGlobals) = postSolution
		SolutionGuid = {91EE364F-959A-43AF-AD56-F642EABD3F0B}
	EndGlobalSection
EndGlobal
